
Microsoft Visual Studio Solution File, Format Version 12.00
# Visual Studio 15
VisualStudioVersion = 15.0.27130.2024
MinimumVisualStudioVersion = 10.0.40219.1
Project("{FAE04EC0-301F-11D3-BF4B-00C04F79EFBC}") = "Problem01_Person", "Problem01_Person\Problem01_Person.csproj", "{28F7FCAF-ED93-476C-A03F-8091349C522D}"
EndProject
Project("{FAE04EC0-301F-11D3-BF4B-00C04F79EFBC}") = "Problem02_BookShop", "Problem02_BookShop\Problem02_BookShop.csproj", "{B2C97473-C9A7-45F8-8C29-3143E8B6648A}"
EndProject
Global
	GlobalSection(SolutionConfigurationPlatforms) = preSolution
		Debug|Any CPU = Debug|Any CPU
		Release|Any CPU = Release|Any CPU
	EndGlobalSection
	GlobalSection(ProjectConfigurationPlatforms) = postSolution
		{28F7FCAF-ED93-476C-A03F-8091349C522D}.Debug|Any CPU.ActiveCfg = Debug|Any CPU
		{28F7FCAF-ED93-476C-A03F-8091349C522D}.Debug|Any CPU.Build.0 = Debug|Any CPU
		{28F7FCAF-ED93-476C-A03F-8091349C522D}.Release|Any CPU.ActiveCfg = Release|Any CPU
		{28F7FCAF-ED93-476C-A03F-8091349C522D}.Release|Any CPU.Build.0 = Release|Any CPU
		{B2C97473-C9A7-45F8-8C29-3143E8B6648A}.Debug|Any CPU.ActiveCfg = Debug|Any CPU
		{B2C97473-C9A7-45F8-8C29-3143E8B6648A}.Debug|Any CPU.Build.0 = Debug|Any CPU
		{B2C97473-C9A7-45F8-8C29-3143E8B6648A}.Release|Any CPU.ActiveCfg = Release|Any CPU
		{B2C97473-C9A7-45F8-8C29-3143E8B6648A}.Release|Any CPU.Build.0 = Release|Any CPU
	EndGlobalSection
	GlobalSection(SolutionProperties) = preSolution
		HideSolutionNode = FALSE
	EndGlobalSection
	GlobalSection(ExtensibilityGlobals) = postSolution
		SolutionGuid = {99496E1E-BC78-42A1-B709-6FB87AF11DD3}
	EndGlobalSection
EndGlobal
