
Microsoft Visual Studio Solution File, Format Version 12.00
# Visual Studio 15
VisualStudioVersion = 15.0.27130.2024
MinimumVisualStudioVersion = 10.0.40219.1
Project("{9A19103F-16F7-4668-BE54-9A1E7A4F7556}") = "Minedraft", "Minedraft\Minedraft.csproj", "{5C40657D-EE5E-422E-830E-72B7D9748D3A}"
EndProject
Project("{FAE04EC0-301F-11D3-BF4B-00C04F79EFBC}") = "Minedraft02", "Minedraft02\Minedraft02.csproj", "{2875E88C-6654-41D6-9C6F-DD3CD58A24A9}"
EndProject
Global
	GlobalSection(SolutionConfigurationPlatforms) = preSolution
		Debug|Any CPU = Debug|Any CPU
		Release|Any CPU = Release|Any CPU
	EndGlobalSection
	GlobalSection(ProjectConfigurationPlatforms) = postSolution
		{5C40657D-EE5E-422E-830E-72B7D9748D3A}.Debug|Any CPU.ActiveCfg = Debug|Any CPU
		{5C40657D-EE5E-422E-830E-72B7D9748D3A}.Debug|Any CPU.Build.0 = Debug|Any CPU
		{5C40657D-EE5E-422E-830E-72B7D9748D3A}.Release|Any CPU.ActiveCfg = Release|Any CPU
		{5C40657D-EE5E-422E-830E-72B7D9748D3A}.Release|Any CPU.Build.0 = Release|Any CPU
		{2875E88C-6654-41D6-9C6F-DD3CD58A24A9}.Debug|Any CPU.ActiveCfg = Debug|Any CPU
		{2875E88C-6654-41D6-9C6F-DD3CD58A24A9}.Debug|Any CPU.Build.0 = Debug|Any CPU
		{2875E88C-6654-41D6-9C6F-DD3CD58A24A9}.Release|Any CPU.ActiveCfg = Release|Any CPU
		{2875E88C-6654-41D6-9C6F-DD3CD58A24A9}.Release|Any CPU.Build.0 = Release|Any CPU
	EndGlobalSection
	GlobalSection(SolutionProperties) = preSolution
		HideSolutionNode = FALSE
	EndGlobalSection
	GlobalSection(ExtensibilityGlobals) = postSolution
		SolutionGuid = {29D726AF-B81A-4989-81FF-4B9A0F099D80}
	EndGlobalSection
EndGlobal
