
Microsoft Visual Studio Solution File, Format Version 12.00
# Visual Studio 15
VisualStudioVersion = 15.0.27130.2024
MinimumVisualStudioVersion = 10.0.40219.1
Project("{FAE04EC0-301F-11D3-BF4B-00C04F79EFBC}") = "StorageMaster", "Exam_Retake_26_April_2018\StorageMaster.csproj", "{A52062E3-5AD2-40E8-B986-90BCE92DC4EF}"
EndProject
Global
	GlobalSection(SolutionConfigurationPlatforms) = preSolution
		Debug|Any CPU = Debug|Any CPU
		Release|Any CPU = Release|Any CPU
	EndGlobalSection
	GlobalSection(ProjectConfigurationPlatforms) = postSolution
		{A52062E3-5AD2-40E8-B986-90BCE92DC4EF}.Debug|Any CPU.ActiveCfg = Debug|Any CPU
		{A52062E3-5AD2-40E8-B986-90BCE92DC4EF}.Debug|Any CPU.Build.0 = Debug|Any CPU
		{A52062E3-5AD2-40E8-B986-90BCE92DC4EF}.Release|Any CPU.ActiveCfg = Release|Any CPU
		{A52062E3-5AD2-40E8-B986-90BCE92DC4EF}.Release|Any CPU.Build.0 = Release|Any CPU
	EndGlobalSection
	GlobalSection(SolutionProperties) = preSolution
		HideSolutionNode = FALSE
	EndGlobalSection
	GlobalSection(ExtensibilityGlobals) = postSolution
		SolutionGuid = {6BCBDAF3-2A6C-4446-B363-D31AF2F4CE4B}
	EndGlobalSection
EndGlobal
